
Microsoft Visual Studio Solution File, Format Version 12.00
# Visual Studio 14
VisualStudioVersion = 14.0.25420.1
MinimumVisualStudioVersion = 10.0.40219.1
Project("{FAE04EC0-301F-11D3-BF4B-00C04F79EFBC}") = "CoderBlog.Console", "CoderBlog.Console\CoderBlog.Console.csproj", "{FA0FA70D-A533-480E-8C30-1D5121D1593D}"
EndProject
Project("{FAE04EC0-301F-11D3-BF4B-00C04F79EFBC}") = "CoderBlog.Model", "CoderBlog.Model\CoderBlog.Model.csproj", "{FCF525BC-C0B6-4C43-92AE-A65FB37F5873}"
EndProject
Global
	GlobalSection(SolutionConfigurationPlatforms) = preSolution
		Debug|Any CPU = Debug|Any CPU
		Release|Any CPU = Release|Any CPU
	EndGlobalSection
	GlobalSection(ProjectConfigurationPlatforms) = postSolution
		{FA0FA70D-A533-480E-8C30-1D5121D1593D}.Debug|Any CPU.ActiveCfg = Debug|Any CPU
		{FA0FA70D-A533-480E-8C30-1D5121D1593D}.Debug|Any CPU.Build.0 = Debug|Any CPU
		{FA0FA70D-A533-480E-8C30-1D5121D1593D}.Release|Any CPU.ActiveCfg = Release|Any CPU
		{FA0FA70D-A533-480E-8C30-1D5121D1593D}.Release|Any CPU.Build.0 = Release|Any CPU
		{FCF525BC-C0B6-4C43-92AE-A65FB37F5873}.Debug|Any CPU.ActiveCfg = Debug|Any CPU
		{FCF525BC-C0B6-4C43-92AE-A65FB37F5873}.Debug|Any CPU.Build.0 = Debug|Any CPU
		{FCF525BC-C0B6-4C43-92AE-A65FB37F5873}.Release|Any CPU.ActiveCfg = Release|Any CPU
		{FCF525BC-C0B6-4C43-92AE-A65FB37F5873}.Release|Any CPU.Build.0 = Release|Any CPU
	EndGlobalSection
	GlobalSection(SolutionProperties) = preSolution
		HideSolutionNode = FALSE
	EndGlobalSection
EndGlobal
